<?xml version="1.0" encoding="utf-8"?>
<Project ToolsVersion="4.0" xmlns="http://schemas.microsoft.com/developer/msbuild/2003">
  <ItemGroup>
    <Filter Include="Basic_Knowledge">
      <UniqueIdentifier>{1158958b-ee29-442e-80d7-62eb9cea2012}</UniqueIdentifier>
    </Filter>
    <Filter Include="Basic_Knowledge\Hello_World">
      <UniqueIdentifier>{23003050-9942-4d3d-978e-15d9d34d0c35}</UniqueIdentifier>
    </Filter>
    <Filter Include="Basic_Knowledge\Operator">
      <UniqueIdentifier>{7495b001-13f5-4a68-8ac5-802108a44921}</UniqueIdentifier>
    </Filter>
    <Filter Include="Basic_Knowledge\Data_Type">
      <UniqueIdentifier>{734d7d2f-cc21-4945-8d66-370702ae33d7}</UniqueIdentifier>
    </Filter>
    <Filter Include="Mini_Project">
      <UniqueIdentifier>{f63d82f1-bac5-4550-99f0-7a8be717cd26}</UniqueIdentifier>
    </Filter>
    <Filter Include="Algoritm">
      <UniqueIdentifier>{bb0414fb-af77-4cf3-b902-c25973d57b44}</UniqueIdentifier>
    </Filter>
    <Filter Include="Math">
      <UniqueIdentifier>{e6cd8fab-6e9e-4390-a107-0f300dab4f0d}</UniqueIdentifier>
    </Filter>
    <Filter Include="OOP">
      <UniqueIdentifier>{79dff051-487d-4512-a5a8-f772d3599ab9}</UniqueIdentifier>
    </Filter>
    <Filter Include="Data_Structure">
      <UniqueIdentifier>{2fb2e863-dcac-4212-a5fb-afbf6dba0276}</UniqueIdentifier>
    </Filter>
    <Filter Include="Pointer">
      <UniqueIdentifier>{479731ec-9868-48fb-87e5-56e1ef04f590}</UniqueIdentifier>
    </Filter>
    <Filter Include="More">
      <UniqueIdentifier>{c0bdf1d7-1b06-4ec4-98dd-b3cb2b5b07b0}</UniqueIdentifier>
    </Filter>
    <Filter Include="Using_Headerfile">
      <UniqueIdentifier>{c37feb5b-944b-4e83-acc5-1a73ef522127}</UniqueIdentifier>
    </Filter>
    <Filter Include="Basic_Knowledge\If_Else">
      <UniqueIdentifier>{ff60135e-ac4a-452e-9fe8-feb9994a4a0d}</UniqueIdentifier>
    </Filter>
  </ItemGroup>
  <ItemGroup>
    <ClCompile Include="Basic_Knowledge\Hello_World\Doodle.cpp">
      <Filter>Basic_Knowledge\Hello_World</Filter>
    </ClCompile>
    <ClCompile Include="Basic_Knowledge\Hello_World\Hello_World.cpp">
      <Filter>Basic_Knowledge\Hello_World</Filter>
    </ClCompile>
    <ClCompile Include="Basic_Knowledge\Data_Type\Variable.cpp">
      <Filter>Basic_Knowledge\Data_Type</Filter>
    </ClCompile>
    <ClCompile Include="Basic_Knowledge\If_Else\If_else.cpp">
      <Filter>Basic_Knowledge\If_Else</Filter>
    </ClCompile>
    <ClCompile Include="Basic_Knowledge\Operator\Operator.cpp">
      <Filter>Basic_Knowledge\Operator</Filter>
    </ClCompile>
  </ItemGroup>
  <ItemGroup>
    <None Include=".gitignore" />
  </ItemGroup>
</Project>